# This file is autogenerated, do not edit; changes may be undone by the next 'dep ensure'.


[[projects]]
  branch = "master"
  digest = "1:8f4967f1e34fb23aa86adeece65d79ae32c478ee765982e4d656b9d8a37b0181"
  name = "github.com/Saurav-Suman/logging-go"
  packages = ["Publisher"]
  pruneopts = "UT"
  revision = "071eee91e2b7c5e9b52400f9152d518fb1e06cf5"

[[projects]]
  branch = "master"
  digest = "1:d6bb6f3240a488ffe5bb6952b513569d009927dcb20ff94885f87b76cef2b698"
  name = "github.com/streadway/amqp"
  packages = ["."]
  pruneopts = "UT"
  revision = "75d898a42a940fbc854dfd1a4199eabdc00cf024"

[solve-meta]
  analyzer-name = "dep"
  analyzer-version = 1
  input-imports = [
    "github.com/Saurav-Suman/logging-go/Publisher",
    "github.com/streadway/amqp",
  ]
  solver-name = "gps-cdcl"
  solver-version = 1
